
Microsoft Visual Studio Solution File, Format Version 12.00
# Visual Studio Version 16
VisualStudioVersion = 16.0.31613.86
MinimumVisualStudioVersion = 10.0.40219.1
Project("{FAE04EC0-301F-11D3-BF4B-00C04F79EFBC}") = "POO", "POO\POO.csproj", "{5F0ACC39-78D1-445C-A2D5-D8A694A6BBFC}"
EndProject
Global
	GlobalSection(SolutionConfigurationPlatforms) = preSolution
		Debug|Any CPU = Debug|Any CPU
		Release|Any CPU = Release|Any CPU
	EndGlobalSection
	GlobalSection(ProjectConfigurationPlatforms) = postSolution
		{5F0ACC39-78D1-445C-A2D5-D8A694A6BBFC}.Debug|Any CPU.ActiveCfg = Debug|Any CPU
		{5F0ACC39-78D1-445C-A2D5-D8A694A6BBFC}.Debug|Any CPU.Build.0 = Debug|Any CPU
		{5F0ACC39-78D1-445C-A2D5-D8A694A6BBFC}.Release|Any CPU.ActiveCfg = Release|Any CPU
		{5F0ACC39-78D1-445C-A2D5-D8A694A6BBFC}.Release|Any CPU.Build.0 = Release|Any CPU
	EndGlobalSection
	GlobalSection(SolutionProperties) = preSolution
		HideSolutionNode = FALSE
	EndGlobalSection
	GlobalSection(ExtensibilityGlobals) = postSolution
		SolutionGuid = {759EDAC5-96A7-4385-B4B0-B05DBCC063F8}
	EndGlobalSection
EndGlobal
